{
  "name": "node",
  "version": "1.0.0",
  "lockfileVersion": 2,
  "requires": true,
  "packages": {
    "": {
      "name": "node",
      "version": "1.0.0",
      "license": "ISC",
      "dependencies": {
        "@pavka16/platforms-browser-and-node": "^1.0.0"
      }
    },
    "node_modules/@pavka16/platforms-browser-and-node": {
      "version": "1.0.0",
      "resolved": "https://npm.pkg.github.com/download/@pavka16/platforms-browser-and-node/1.0.0/ceeda01908db59d609f66c9cda5a3eb81a91f385",
      "integrity": "sha512-rraAn5xs+ibS5zw9K1zO1qbEbfoNZu4DBQHhS6KfYzqws599LcnxvR4doaGWJlbAykGRkYj9uH3EeYOEhBMajw==",
      "license": "ISC"
    }
  },
  "dependencies": {
    "@pavka16/platforms-browser-and-node": {
      "version": "1.0.0",
      "resolved": "https://npm.pkg.github.com/download/@pavka16/platforms-browser-and-node/1.0.0/ceeda01908db59d609f66c9cda5a3eb81a91f385",
      "integrity": "sha512-rraAn5xs+ibS5zw9K1zO1qbEbfoNZu4DBQHhS6KfYzqws599LcnxvR4doaGWJlbAykGRkYj9uH3EeYOEhBMajw=="
    }
  }
}
